
Microsoft Visual Studio Solution File, Format Version 12.00
# Visual Studio 14
VisualStudioVersion = 14.0.24720.0
MinimumVisualStudioVersion = 10.0.40219.1
Project("{FAE04EC0-301F-11D3-BF4B-00C04F79EFBC}") = "Arango.Client", "Arango.Client\Arango.Client.csproj", "{F57B2DFD-A7E1-4BC2-8BBA-5D72CB302056}"
EndProject
Project("{FAE04EC0-301F-11D3-BF4B-00C04F79EFBC}") = "Arango.ConsoleTests", "Arango.ConsoleTests\Arango.ConsoleTests.csproj", "{CBF3572D-E16B-495D-8B0C-2B3CB600E00D}"
EndProject
Project("{FAE04EC0-301F-11D3-BF4B-00C04F79EFBC}") = "Arango.Tests", "Arango.Tests\Arango.Tests.csproj", "{9D202205-4772-4EA7-ABC8-7FF06E2A3606}"
EndProject
Global
	GlobalSection(SolutionConfigurationPlatforms) = preSolution
		Debug|Any CPU = Debug|Any CPU
		Release|Any CPU = Release|Any CPU
	EndGlobalSection
	GlobalSection(ProjectConfigurationPlatforms) = postSolution
		{F57B2DFD-A7E1-4BC2-8BBA-5D72CB302056}.Debug|Any CPU.ActiveCfg = Debug|Any CPU
		{F57B2DFD-A7E1-4BC2-8BBA-5D72CB302056}.Debug|Any CPU.Build.0 = Debug|Any CPU
		{F57B2DFD-A7E1-4BC2-8BBA-5D72CB302056}.Release|Any CPU.ActiveCfg = Release|Any CPU
		{F57B2DFD-A7E1-4BC2-8BBA-5D72CB302056}.Release|Any CPU.Build.0 = Release|Any CPU
		{CBF3572D-E16B-495D-8B0C-2B3CB600E00D}.Debug|Any CPU.ActiveCfg = Debug|Any CPU
		{CBF3572D-E16B-495D-8B0C-2B3CB600E00D}.Debug|Any CPU.Build.0 = Debug|Any CPU
		{CBF3572D-E16B-495D-8B0C-2B3CB600E00D}.Release|Any CPU.ActiveCfg = Release|Any CPU
		{CBF3572D-E16B-495D-8B0C-2B3CB600E00D}.Release|Any CPU.Build.0 = Release|Any CPU
		{9D202205-4772-4EA7-ABC8-7FF06E2A3606}.Debug|Any CPU.ActiveCfg = Debug|Any CPU
		{9D202205-4772-4EA7-ABC8-7FF06E2A3606}.Debug|Any CPU.Build.0 = Debug|Any CPU
		{9D202205-4772-4EA7-ABC8-7FF06E2A3606}.Release|Any CPU.ActiveCfg = Release|Any CPU
		{9D202205-4772-4EA7-ABC8-7FF06E2A3606}.Release|Any CPU.Build.0 = Release|Any CPU
	EndGlobalSection
	GlobalSection(SolutionProperties) = preSolution
		HideSolutionNode = FALSE
	EndGlobalSection
EndGlobal
